
Microsoft Visual Studio Solution File, Format Version 12.00
# Visual Studio 15
VisualStudioVersion = 15.0.28307.1145
MinimumVisualStudioVersion = 10.0.40219.1
Project("{9A19103F-16F7-4668-BE54-9A1E7A4F7556}") = "UKFast.API.Client.DRaaS", "UKFast.API.Client.DRaaS\UKFast.API.Client.DRaaS.csproj", "{AE923314-EEAA-499C-93BD-857D3DFD0CEF}"
EndProject
Project("{9A19103F-16F7-4668-BE54-9A1E7A4F7556}") = "UKFast.API.Client.DRaaS.Tests", "UKFast.API.Client.DRaaS.Tests\UKFast.API.Client.DRaaS.Tests.csproj", "{60125A15-354F-4593-B461-18327C3D9557}"
EndProject
Global
	GlobalSection(SolutionConfigurationPlatforms) = preSolution
		Debug|Any CPU = Debug|Any CPU
		Release|Any CPU = Release|Any CPU
	EndGlobalSection
	GlobalSection(ProjectConfigurationPlatforms) = postSolution
		{AE923314-EEAA-499C-93BD-857D3DFD0CEF}.Debug|Any CPU.ActiveCfg = Debug|Any CPU
		{AE923314-EEAA-499C-93BD-857D3DFD0CEF}.Debug|Any CPU.Build.0 = Debug|Any CPU
		{AE923314-EEAA-499C-93BD-857D3DFD0CEF}.Release|Any CPU.ActiveCfg = Release|Any CPU
		{AE923314-EEAA-499C-93BD-857D3DFD0CEF}.Release|Any CPU.Build.0 = Release|Any CPU
		{60125A15-354F-4593-B461-18327C3D9557}.Debug|Any CPU.ActiveCfg = Debug|Any CPU
		{60125A15-354F-4593-B461-18327C3D9557}.Debug|Any CPU.Build.0 = Debug|Any CPU
		{60125A15-354F-4593-B461-18327C3D9557}.Release|Any CPU.ActiveCfg = Release|Any CPU
		{60125A15-354F-4593-B461-18327C3D9557}.Release|Any CPU.Build.0 = Release|Any CPU
	EndGlobalSection
	GlobalSection(SolutionProperties) = preSolution
		HideSolutionNode = FALSE
	EndGlobalSection
	GlobalSection(ExtensibilityGlobals) = postSolution
		SolutionGuid = {620CD1F6-5128-4242-B4E4-B11E07F8003B}
	EndGlobalSection
EndGlobal
